// !$*UTF8*$!
{
	archiveVersion = 1;
	classes = {
	};
	objectVersion = 46;
	objects = {

/* Begin PBXBuildFile section */
		82BF07451A8A247B008D8444 /* AppDelegate.swift in Sources */ = {isa = PBXBuildFile; fileRef = 82BF07441A8A247B008D8444 /* AppDelegate.swift */; };
		82BF07471A8A247B008D8444 /* ViewController.swift in Sources */ = {isa = PBXBuildFile; fileRef = 82BF07461A8A247B008D8444 /* ViewController.swift */; };
		82BF074A1A8A247B008D8444 /* Main.storyboard in Resources */ = {isa = PBXBuildFile; fileRef = 82BF07481A8A247B008D8444 /* Main.storyboard */; };
		82BF074C1A8A247B008D8444 /* Images.xcassets in Resources */ = {isa = PBXBuildFile; fileRef = 82BF074B1A8A247B008D8444 /* Images.xcassets */; };
		82BF074F1A8A247B008D8444 /* LaunchScreen.xib in Resources */ = {isa = PBXBuildFile; fileRef = 82BF074D1A8A247B008D8444 /* LaunchScreen.xib */; };
		82BF075B1A8A247B008D8444 /* CatTests.swift in Sources */ = {isa = PBXBuildFile; fileRef = 82BF075A1A8A247B008D8444 /* CatTests.swift */; };
		82BF07651A8A263D008D8444 /* cat.png in Resources */ = {isa = PBXBuildFile; fileRef = 82BF07641A8A263D008D8444 /* cat.png */; };
/* End PBXBuildFile section */

/* Begin PBXContainerItemProxy section */
		82BF07551A8A247B008D8444 /* PBXContainerItemProxy */ = {
			isa = PBXContainerItemProxy;
			containerPortal = 82BF07371A8A247B008D8444 /* Project object */;
			proxyType = 1;
			remoteGlobalIDString = 82BF073E1A8A247B008D8444;
			remoteInfo = Cat;
		};
/* End PBXContainerItemProxy section */

/* Begin PBXFileReference section */
		82BF073F1A8A247B008D8444 /* Cat.app */ = {isa = PBXFileReference; explicitFileType = wrapper.application; includeInIndex = 0; path = Cat.app; sourceTree = BUILT_PRODUCTS_DIR; };
		82BF07431A8A247B008D8444 /* Info.plist */ = {isa = PBXFileReference; lastKnownFileType = text.plist.xml; path = Info.plist; sourceTree = "<group>"; };
		82BF07441A8A247B008D8444 /* AppDelegate.swift */ = {isa = PBXFileReference; lastKnownFileType = sourcecode.swift; path = AppDelegate.swift; sourceTree = "<group>"; };
		82BF07461A8A247B008D8444 /* ViewController.swift */ = {isa = PBXFileReference; lastKnownFileType = sourcecode.swift; path = ViewController.swift; sourceTree = "<group>"; };
		82BF07491A8A247B008D8444 /* Base */ = {isa = PBXFileReference; lastKnownFileType = file.storyboard; name = Base; path = Base.lproj/Main.storyboard; sourceTree = "<group>"; };
		82BF074B1A8A247B008D8444 /* Images.xcassets */ = {isa = PBXFileReference; lastKnownFileType = folder.assetcatalog; path = Images.xcassets; sourceTree = "<group>"; };
		82BF074E1A8A247B008D8444 /* Base */ = {isa = PBXFileReference; lastKnownFileType = file.xib; name = Base; path = Base.lproj/LaunchScreen.xib; sourceTree = "<group>"; };
		82BF07541A8A247B008D8444 /* CatTests.xctest */ = {isa = PBXFileReference; explicitFileType = wrapper.cfbundle; includeInIndex = 0; path = CatTests.xctest; sourceTree = BUILT_PRODUCTS_DIR; };
		82BF07591A8A247B008D8444 /* Info.plist */ = {isa = PBXFileReference; lastKnownFileType = text.plist.xml; path = Info.plist; sourceTree = "<group>"; };
		82BF075A1A8A247B008D8444 /* CatTests.swift */ = {isa = PBXFileReference; lastKnownFileType = sourcecode.swift; path = CatTests.swift; sourceTree = "<group>"; };
		82BF07641A8A263D008D8444 /* cat.png */ = {isa = PBXFileReference; lastKnownFileType = image.png; path = cat.png; sourceTree = "<group>"; };
/* End PBXFileReference section */

/* Begin PBXFrameworksBuildPhase section */
		82BF073C1A8A247B008D8444 /* Frameworks */ = {
			isa = PBXFrameworksBuildPhase;
			buildActionMask = 2147483647;
			files = (
			);
			runOnlyForDeploymentPostprocessing = 0;
		};
		82BF07511A8A247B008D8444 /* Frameworks */ = {
			isa = PBXFrameworksBuildPhase;
			buildActionMask = 2147483647;
			files = (
			);
			runOnlyForDeploymentPostprocessing = 0;
		};
/* End PBXFrameworksBuildPhase section */

/* Begin PBXGroup section */
		82BF07361A8A247B008D8444 = {
			isa = PBXGroup;
			children = (
				82BF07411A8A247B008D8444 /* Cat */,
				82BF07571A8A247B008D8444 /* CatTests */,
				82BF07401A8A247B008D8444 /* Products */,
			);
			sourceTree = "<group>";
		};
		82BF07401A8A247B008D8444 /* Products */ = {
			isa = PBXGroup;
			children = (
				82BF073F1A8A247B008D8444 /* Cat.app */,
				82BF07541A8A247B008D8444 /* CatTests.xctest */,
			);
			name = Products;
			sourceTree = "<group>";
		};
		82BF07411A8A247B008D8444 /* Cat */ = {
			isa = PBXGroup;
			children = (
				82BF07641A8A263D008D8444 /* cat.png */,
				82BF07441A8A247B008D8444 /* AppDelegate.swift */,
				82BF07461A8A247B008D8444 /* ViewController.swift */,
				82BF07481A8A247B008D8444 /* Main.storyboard */,
				82BF074B1A8A247B008D8444 /* Images.xcassets */,
				82BF074D1A8A247B008D8444 /* LaunchScreen.xib */,
				82BF07421A8A247B008D8444 /* Supporting Files */,
			);
			path = Cat;
			sourceTree = "<group>";
		};
		82BF07421A8A247B008D8444 /* Supporting Files */ = {
			isa = PBXGroup;
			children = (
				82BF07431A8A247B008D8444 /* Info.plist */,
			);
			name = "Supporting Files";
			sourceTree = "<group>";
		};
		82BF07571A8A247B008D8444 /* CatTests */ = {
			isa = PBXGroup;
			children = (
				82BF075A1A8A247B008D8444 /* CatTests.swift */,
				82BF07581A8A247B008D8444 /* Supporting Files */,
			);
			path = CatTests;
			sourceTree = "<group>";
		};
		82BF07581A8A247B008D8444 /* Supporting Files */ = {
			isa = PBXGroup;
			children = (
				82BF07591A8A247B008D8444 /* Info.plist */,
			);
			name = "Supporting Files";
			sourceTree = "<group>";
		};
/* End PBXGroup section */

/* Begin PBXNativeTarget section */
		82BF073E1A8A247B008D8444 /* Cat */ = {
			isa = PBXNativeTarget;
			buildConfigurationList = 82BF075E1A8A247B008D8444 /* Build configuration list for PBXNativeTarget "Cat" */;
			buildPhases = (
				82BF073B1A8A247B008D8444 /* Sources */,
				82BF073C1A8A247B008D8444 /* Frameworks */,
				82BF073D1A8A247B008D8444 /* Resources */,
			);
			buildRules = (
			);
			dependencies = (
			);
			name = Cat;
			productName = Cat;
			productReference = 82BF073F1A8A247B008D8444 /* Cat.app */;
			productType = "com.apple.product-type.application";
		};
		82BF07531A8A247B008D8444 /* CatTests */ = {
			isa = PBXNativeTarget;
			buildConfigurationList = 82BF07611A8A247B008D8444 /* Build configuration list for PBXNativeTarget "CatTests" */;
			buildPhases = (
				82BF07501A8A247B008D8444 /* Sources */,
				82BF07511A8A247B008D8444 /* Frameworks */,
				82BF07521A8A247B008D8444 /* Resources */,
			);
			buildRules = (
			);
			dependencies = (
				82BF07561A8A247B008D8444 /* PBXTargetDependency */,
			);
			name = CatTests;
			productName = CatTests;
			productReference = 82BF07541A8A247B008D8444 /* CatTests.xctest */;
			productType = "com.apple.product-type.bundle.unit-test";
		};
/* End PBXNativeTarget section */

/* Begin PBXProject section */
		82BF07371A8A247B008D8444 /* Project object */ = {
			isa = PBXProject;
			attributes = {
				LastUpgradeCheck = 0610;
				ORGANIZATIONNAME = joseadame;
				TargetAttributes = {
					82BF073E1A8A247B008D8444 = {
						CreatedOnToolsVersion = 6.1.1;
					};
					82BF07531A8A247B008D8444 = {
						CreatedOnToolsVersion = 6.1.1;
						TestTargetID = 82BF073E1A8A247B008D8444;
					};
				};
			};
			buildConfigurationList = 82BF073A1A8A247B008D8444 /* Build configuration list for PBXProject "Cat" */;
			compatibilityVersion = "Xcode 3.2";
			developmentRegion = English;
			hasScannedForEncodings = 0;
			knownRegions = (
				en,
				Base,
			);
			mainGroup = 82BF07361A8A247B008D8444;
			productRefGroup = 82BF07401A8A247B008D8444 /* Products */;
			projectDirPath = "";
			projectRoot = "";
			targets = (
				82BF073E1A8A247B008D8444 /* Cat */,
				82BF07531A8A247B008D8444 /* CatTests */,
			);
		};
/* End PBXProject section */

/* Begin PBXResourcesBuildPhase section */
		82BF073D1A8A247B008D8444 /* Resources */ = {
			isa = PBXResourcesBuildPhase;
			buildActionMask = 2147483647;
			files = (
				82BF074A1A8A247B008D8444 /* Main.storyboard in Resources */,
				82BF074F1A8A247B008D8444 /* LaunchScreen.xib in Resources */,
				82BF07651A8A263D008D8444 /* cat.png in Resources */,
				82BF074C1A8A247B008D8444 /* Images.xcassets in Resources */,
			);
			runOnlyForDeploymentPostprocessing = 0;
		};
		82BF07521A8A247B008D8444 /* Resources */ = {
			isa = PBXResourcesBuildPhase;
			buildActionMask = 2147483647;
			files = (
			);
			runOnlyForDeploymentPostprocessing = 0;
		};
/* End PBXResourcesBuildPhase section */

/* Begin PBXSourcesBuildPhase section */
		82BF073B1A8A247B008D8444 /* Sources */ = {
			isa = PBXSourcesBuildPhase;
			buildActionMask = 2147483647;
			files = (
				82BF07471A8A247B008D8444 /* ViewController.swift in Sources */,
				82BF07451A8A247B008D8444 /* AppDelegate.swift in Sources */,
			);
			runOnlyForDeploymentPostprocessing = 0;
		};
		82BF07501A8A247B008D8444 /* Sources */ = {
			isa = PBXSourcesBuildPhase;
			buildActionMask = 2147483647;
			files = (
				82BF075B1A8A247B008D8444 /* CatTests.swift in Sources */,
			);
			runOnlyForDeploymentPostprocessing = 0;
		};
/* End PBXSourcesBuildPhase section */

/* Begin PBXTargetDependency section */
		82BF07561A8A247B008D8444 /* PBXTargetDependency */ = {
			isa = PBXTargetDependency;
			target = 82BF073E1A8A247B008D8444 /* Cat */;
			targetProxy = 82BF07551A8A247B008D8444 /* PBXContainerItemProxy */;
		};
/* End PBXTargetDependency section */

/* Begin PBXVariantGroup section */
		82BF07481A8A247B008D8444 /* Main.storyboard */ = {
			isa = PBXVariantGroup;
			children = (
				82BF07491A8A247B008D8444 /* Base */,
			);
			name = Main.storyboard;
			sourceTree = "<group>";
		};
		82BF074D1A8A247B008D8444 /* LaunchScreen.xib */ = {
			isa = PBXVariantGroup;
			children = (
				82BF074E1A8A247B008D8444 /* Base */,
			);
			name = LaunchScreen.xib;
			sourceTree = "<group>";
		};
/* End PBXVariantGroup section */

/* Begin XCBuildConfiguration section */
		82BF075C1A8A247B008D8444 /* Debug */ = {
			isa = XCBuildConfiguration;
			buildSettings = {
				ALWAYS_SEARCH_USER_PATHS = NO;
				CLANG_CXX_LANGUAGE_STANDARD = "gnu++0x";
				CLANG_CXX_LIBRARY = "libc++";
				CLANG_ENABLE_MODULES = YES;
				CLANG_ENABLE_OBJC_ARC = YES;
				CLANG_WARN_BOOL_CONVERSION = YES;
				CLANG_WARN_CONSTANT_CONVERSION = YES;
				CLANG_WARN_DIRECT_OBJC_ISA_USAGE = YES_ERROR;
				CLANG_WARN_EMPTY_BODY = YES;
				CLANG_WARN_ENUM_CONVERSION = YES;
				CLANG_WARN_INT_CONVERSION = YES;
				CLANG_WARN_OBJC_ROOT_CLASS = YES_ERROR;
				CLANG_WARN_UNREACHABLE_CODE = YES;
				CLANG_WARN__DUPLICATE_METHOD_MATCH = YES;
				"CODE_SIGN_IDENTITY[sdk=iphoneos*]" = "iPhone Developer";
				COPY_PHASE_STRIP = NO;
				ENABLE_STRICT_OBJC_MSGSEND = YES;
				GCC_C_LANGUAGE_STANDARD = gnu99;
				GCC_DYNAMIC_NO_PIC = NO;
				GCC_OPTIMIZATION_LEVEL = 0;
				GCC_PREPROCESSOR_DEFINITIONS = (
					"DEBUG=1",
					"$(inherited)",
				);
				GCC_SYMBOLS_PRIVATE_EXTERN = NO;
				GCC_WARN_64_TO_32_BIT_CONVERSION = YES;
				GCC_WARN_ABOUT_RETURN_TYPE = YES_ERROR;
				GCC_WARN_UNDECLARED_SELECTOR = YES;
				GCC_WARN_UNINITIALIZED_AUTOS = YES_AGGRESSIVE;
				GCC_WARN_UNUSED_FUNCTION = YES;
				GCC_WARN_UNUSED_VARIABLE = YES;
				IPHONEOS_DEPLOYMENT_TARGET = 8.1;
				MTL_ENABLE_DEBUG_INFO = YES;
				ONLY_ACTIVE_ARCH = YES;
				SDKROOT = iphoneos;
				SWIFT_OPTIMIZATION_LEVEL = "-Onone";
			};
			name = Debug;
		};
		82BF075D1A8A247B008D8444 /* Release */ = {
			isa = XCBuildConfiguration;
			buildSettings = {
				ALWAYS_SEARCH_USER_PATHS = NO;
				CLANG_CXX_LANGUAGE_STANDARD = "gnu++0x";
				CLANG_CXX_LIBRARY = "libc++";
				CLANG_ENABLE_MODULES = YES;
				CLANG_ENABLE_OBJC_ARC = YES;
				CLANG_WARN_BOOL_CONVERSION = YES;
				CLANG_WARN_CONSTANT_CONVERSION = YES;
				CLANG_WARN_DIRECT_OBJC_ISA_USAGE = YES_ERROR;
				CLANG_WARN_EMPTY_BODY = YES;
				CLANG_WARN_ENUM_CONVERSION = YES;
				CLANG_WARN_INT_CONVERSION = YES;
				CLANG_WARN_OBJC_ROOT_CLASS = YES_ERROR;
				CLANG_WARN_UNREACHABLE_CODE = YES;
				CLANG_WARN__DUPLICATE_METHOD_MATCH = YES;
				"CODE_SIGN_IDENTITY[sdk=iphoneos*]" = "iPhone Developer";
				COPY_PHASE_STRIP = YES;
				ENABLE_NS_ASSERTIONS = NO;
				ENABLE_STRICT_OBJC_MSGSEND = YES;
				GCC_C_LANGUAGE_STANDARD = gnu99;
				GCC_WARN_64_TO_32_BIT_CONVERSION = YES;
				GCC_WARN_ABOUT_RETURN_TYPE = YES_ERROR;
				GCC_WARN_UNDECLARED_SELECTOR = YES;
				GCC_WARN_UNINITIALIZED_AUTOS = YES_AGGRESSIVE;
				GCC_WARN_UNUSED_FUNCTION = YES;
				GCC_WARN_UNUSED_VARIABLE = YES;
				IPHONEOS_DEPLOYMENT_TARGET = 8.1;
				MTL_ENABLE_DEBUG_INFO = NO;
				SDKROOT = iphoneos;
				VALIDATE_PRODUCT = YES;
			};
			name = Release;
		};
		82BF075F1A8A247B008D8444 /* Debug */ = {
			isa = XCBuildConfiguration;
			buildSettings = {
				ASSETCATALOG_COMPILER_APPICON_NAME = AppIcon;
				INFOPLIST_FILE = Cat/Info.plist;
				LD_RUNPATH_SEARCH_PATHS = "$(inherited) @executable_path/Frameworks";
				PRODUCT_NAME = "$(TARGET_NAME)";
			};
			name = Debug;
		};
		82BF07601A8A247B008D8444 /* Release */ = {
			isa = XCBuildConfiguration;
			buildSettings = {
				ASSETCATALOG_COMPILER_APPICON_NAME = AppIcon;
				INFOPLIST_FILE = Cat/Info.plist;
				LD_RUNPATH_SEARCH_PATHS = "$(inherited) @executable_path/Frameworks";
				PRODUCT_NAME = "$(TARGET_NAME)";
			};
			name = Release;
		};
		82BF07621A8A247B008D8444 /* Debug */ = {
			isa = XCBuildConfiguration;
			buildSettings = {
				BUNDLE_LOADER = "$(TEST_HOST)";
				FRAMEWORK_SEARCH_PATHS = (
					"$(SDKROOT)/Developer/Library/Frameworks",
					"$(inherited)",
				);
				GCC_PREPROCESSOR_DEFINITIONS = (
					"DEBUG=1",
					"$(inherited)",
				);
				INFOPLIST_FILE = CatTests/Info.plist;
				LD_RUNPATH_SEARCH_PATHS = "$(inherited) @executable_path/Frameworks @loader_path/Frameworks";
				PRODUCT_NAME = "$(TARGET_NAME)";
				TEST_HOST = "$(BUILT_PRODUCTS_DIR)/Cat.app/Cat";
			};
			name = Debug;
		};
		82BF07631A8A247B008D8444 /* Release */ = {
			isa = XCBuildConfiguration;
			buildSettings = {
				BUNDLE_LOADER = "$(TEST_HOST)";
				FRAMEWORK_SEARCH_PATHS = (
					"$(SDKROOT)/Developer/Library/Frameworks",
					"$(inherited)",
				);
				INFOPLIST_FILE = CatTests/Info.plist;
				LD_RUNPATH_SEARCH_PATHS = "$(inherited) @executable_path/Frameworks @loader_path/Frameworks";
				PRODUCT_NAME = "$(TARGET_NAME)";
				TEST_HOST = "$(BUILT_PRODUCTS_DIR)/Cat.app/Cat";
			};
			name = Release;
		};
/* End XCBuildConfiguration section */

/* Begin XCConfigurationList section */
		82BF073A1A8A247B008D8444 /* Build configuration list for PBXProject "Cat" */ = {
			isa = XCConfigurationList;
			buildConfigurations = (
				82BF075C1A8A247B008D8444 /* Debug */,
				82BF075D1A8A247B008D8444 /* Release */,
			);
			defaultConfigurationIsVisible = 0;
			defaultConfigurationName = Release;
		};
		82BF075E1A8A247B008D8444 /* Build configuration list for PBXNativeTarget "Cat" */ = {
			isa = XCConfigurationList;
			buildConfigurations = (
				82BF075F1A8A247B008D8444 /* Debug */,
				82BF07601A8A247B008D8444 /* Release */,
			);
			defaultConfigurationIsVisible = 0;
		};
		82BF07611A8A247B008D8444 /* Build configuration list for PBXNativeTarget "CatTests" */ = {
			isa = XCConfigurationList;
			buildConfigurations = (
				82BF07621A8A247B008D8444 /* Debug */,
				82BF07631A8A247B008D8444 /* Release */,
			);
			defaultConfigurationIsVisible = 0;
		};
/* End XCConfigurationList section */
	};
	rootObject = 82BF07371A8A247B008D8444 /* Project object */;
}
